// !$*UTF8*$!
{
	archiveVersion = 1;
	classes = {
	};
	objectVersion = 46;
	objects = {

/* Begin PBXBuildFile section */
		10028E5B1DE87706002FED29 /* AppDelegate.swift in Sources */ = {isa = PBXBuildFile; fileRef = 10028E5A1DE87706002FED29 /* AppDelegate.swift */; };
		10028E5D1DE87706002FED29 /* ViewController.swift in Sources */ = {isa = PBXBuildFile; fileRef = 10028E5C1DE87706002FED29 /* ViewController.swift */; };
		10028E601DE87706002FED29 /* Main.storyboard in Resources */ = {isa = PBXBuildFile; fileRef = 10028E5E1DE87706002FED29 /* Main.storyboard */; };
		10028E621DE87706002FED29 /* Assets.xcassets in Resources */ = {isa = PBXBuildFile; fileRef = 10028E611DE87706002FED29 /* Assets.xcassets */; };
		10028E651DE87706002FED29 /* LaunchScreen.storyboard in Resources */ = {isa = PBXBuildFile; fileRef = 10028E631DE87706002FED29 /* LaunchScreen.storyboard */; };
/* End PBXBuildFile section */

/* Begin PBXFileReference section */
		10028E571DE87706002FED29 /* Test_Git.app */ = {isa = PBXFileReference; explicitFileType = wrapper.application; includeInIndex = 0; path = Test_Git.app; sourceTree = BUILT_PRODUCTS_DIR; };
		10028E5A1DE87706002FED29 /* AppDelegate.swift */ = {isa = PBXFileReference; lastKnownFileType = sourcecode.swift; path = AppDelegate.swift; sourceTree = "<group>"; };
		10028E5C1DE87706002FED29 /* ViewController.swift */ = {isa = PBXFileReference; lastKnownFileType = sourcecode.swift; path = ViewController.swift; sourceTree = "<group>"; };
		10028E5F1DE87706002FED29 /* Base */ = {isa = PBXFileReference; lastKnownFileType = file.storyboard; name = Base; path = Base.lproj/Main.storyboard; sourceTree = "<group>"; };
		10028E611DE87706002FED29 /* Assets.xcassets */ = {isa = PBXFileReference; lastKnownFileType = folder.assetcatalog; path = Assets.xcassets; sourceTree = "<group>"; };
		10028E641DE87706002FED29 /* Base */ = {isa = PBXFileReference; lastKnownFileType = file.storyboard; name = Base; path = Base.lproj/LaunchScreen.storyboard; sourceTree = "<group>"; };
		10028E661DE87706002FED29 /* Info.plist */ = {isa = PBXFileReference; lastKnownFileType = text.plist.xml; path = Info.plist; sourceTree = "<group>"; };
/* End PBXFileReference section */

/* Begin PBXFrameworksBuildPhase section */
		10028E541DE87706002FED29 /* Frameworks */ = {
			isa = PBXFrameworksBuildPhase;
			buildActionMask = 2147483647;
			files = (
			);
			runOnlyForDeploymentPostprocessing = 0;
		};
/* End PBXFrameworksBuildPhase section */

/* Begin PBXGroup section */
		10028E4E1DE87706002FED29 = {
			isa = PBXGroup;
			children = (
				10028E591DE87706002FED29 /* Test_Git */,
				10028E581DE87706002FED29 /* Products */,
			);
			sourceTree = "<group>";
		};
		10028E581DE87706002FED29 /* Products */ = {
			isa = PBXGroup;
			children = (
				10028E571DE87706002FED29 /* Test_Git.app */,
			);
			name = Products;
			sourceTree = "<group>";
		};
		10028E591DE87706002FED29 /* Test_Git */ = {
			isa = PBXGroup;
			children = (
				10028E5A1DE87706002FED29 /* AppDelegate.swift */,
				10028E5C1DE87706002FED29 /* ViewController.swift */,
				10028E5E1DE87706002FED29 /* Main.storyboard */,
				10028E611DE87706002FED29 /* Assets.xcassets */,
				10028E631DE87706002FED29 /* LaunchScreen.storyboard */,
				10028E661DE87706002FED29 /* Info.plist */,
			);
			path = Test_Git;
			sourceTree = "<group>";
		};
/* End PBXGroup section */

/* Begin PBXNativeTarget section */
		10028E561DE87706002FED29 /* Test_Git */ = {
			isa = PBXNativeTarget;
			buildConfigurationList = 10028E691DE87706002FED29 /* Build configuration list for PBXNativeTarget "Test_Git" */;
			buildPhases = (
				10028E531DE87706002FED29 /* Sources */,
				10028E541DE87706002FED29 /* Frameworks */,
				10028E551DE87706002FED29 /* Resources */,
			);
			buildRules = (
			);
			dependencies = (
			);
			name = Test_Git;
			productName = Test_Git;
			productReference = 10028E571DE87706002FED29 /* Test_Git.app */;
			productType = "com.apple.product-type.application";
		};
/* End PBXNativeTarget section */

/* Begin PBXProject section */
		10028E4F1DE87706002FED29 /* Project object */ = {
			isa = PBXProject;
			attributes = {
				LastSwiftUpdateCheck = 0800;
				LastUpgradeCheck = 0800;
				ORGANIZATIONNAME = "Vishwanath Kota";
				TargetAttributes = {
					10028E561DE87706002FED29 = {
						CreatedOnToolsVersion = 8.0;
						DevelopmentTeam = PSRYG8H9BF;
						ProvisioningStyle = Automatic;
					};
				};
			};
			buildConfigurationList = 10028E521DE87706002FED29 /* Build configuration list for PBXProject "Test_Git" */;
			compatibilityVersion = "Xcode 3.2";
			developmentRegion = English;
			hasScannedForEncodings = 0;
			knownRegions = (
				en,
				Base,
			);
			mainGroup = 10028E4E1DE87706002FED29;
			productRefGroup = 10028E581DE87706002FED29 /* Products */;
			projectDirPath = "";
			projectRoot = "";
			targets = (
				10028E561DE87706002FED29 /* Test_Git */,
			);
		};
/* End PBXProject section */

/* Begin PBXResourcesBuildPhase section */
		10028E551DE87706002FED29 /* Resources */ = {
			isa = PBXResourcesBuildPhase;
			buildActionMask = 2147483647;
			files = (
				10028E651DE87706002FED29 /* LaunchScreen.storyboard in Resources */,
				10028E621DE87706002FED29 /* Assets.xcassets in Resources */,
				10028E601DE87706002FED29 /* Main.storyboard in Resources */,
			);
			runOnlyForDeploymentPostprocessing = 0;
		};
/* End PBXResourcesBuildPhase section */

/* Begin PBXSourcesBuildPhase section */
		10028E531DE87706002FED29 /* Sources */ = {
			isa = PBXSourcesBuildPhase;
			buildActionMask = 2147483647;
			files = (
				10028E5D1DE87706002FED29 /* ViewController.swift in Sources */,
				10028E5B1DE87706002FED29 /* AppDelegate.swift in Sources */,
			);
			runOnlyForDeploymentPostprocessing = 0;
		};
/* End PBXSourcesBuildPhase section */

/* Begin PBXVariantGroup section */
		10028E5E1DE87706002FED29 /* Main.storyboard */ = {
			isa = PBXVariantGroup;
			children = (
				10028E5F1DE87706002FED29 /* Base */,
			);
			name = Main.storyboard;
			sourceTree = "<group>";
		};
		10028E631DE87706002FED29 /* LaunchScreen.storyboard */ = {
			isa = PBXVariantGroup;
			children = (
				10028E641DE87706002FED29 /* Base */,
			);
			name = LaunchScreen.storyboard;
			sourceTree = "<group>";
		};
/* End PBXVariantGroup section */

/* Begin XCBuildConfiguration section */
		10028E671DE87706002FED29 /* Debug */ = {
			isa = XCBuildConfiguration;
			buildSettings = {
				ALWAYS_SEARCH_USER_PATHS = NO;
				CLANG_ANALYZER_NONNULL = YES;
				CLANG_CXX_LANGUAGE_STANDARD = "gnu++0x";
				CLANG_CXX_LIBRARY = "libc++";
				CLANG_ENABLE_MODULES = YES;
				CLANG_ENABLE_OBJC_ARC = YES;
				CLANG_WARN_BOOL_CONVERSION = YES;
				CLANG_WARN_CONSTANT_CONVERSION = YES;
				CLANG_WARN_DIRECT_OBJC_ISA_USAGE = YES_ERROR;
				CLANG_WARN_DOCUMENTATION_COMMENTS = YES;
				CLANG_WARN_EMPTY_BODY = YES;
				CLANG_WARN_ENUM_CONVERSION = YES;
				CLANG_WARN_INFINITE_RECURSION = YES;
				CLANG_WARN_INT_CONVERSION = YES;
				CLANG_WARN_OBJC_ROOT_CLASS = YES_ERROR;
				CLANG_WARN_SUSPICIOUS_MOVES = YES;
				CLANG_WARN_UNREACHABLE_CODE = YES;
				CLANG_WARN__DUPLICATE_METHOD_MATCH = YES;
				"CODE_SIGN_IDENTITY[sdk=iphoneos*]" = "iPhone Developer";
				COPY_PHASE_STRIP = NO;
				DEBUG_INFORMATION_FORMAT = dwarf;
				ENABLE_STRICT_OBJC_MSGSEND = YES;
				ENABLE_TESTABILITY = YES;
				GCC_C_LANGUAGE_STANDARD = gnu99;
				GCC_DYNAMIC_NO_PIC = NO;
				GCC_NO_COMMON_BLOCKS = YES;
				GCC_OPTIMIZATION_LEVEL = 0;
				GCC_PREPROCESSOR_DEFINITIONS = (
					"DEBUG=1",
					"$(inherited)",
				);
				GCC_WARN_64_TO_32_BIT_CONVERSION = YES;
				GCC_WARN_ABOUT_RETURN_TYPE = YES_ERROR;
				GCC_WARN_UNDECLARED_SELECTOR = YES;
				GCC_WARN_UNINITIALIZED_AUTOS = YES_AGGRESSIVE;
				GCC_WARN_UNUSED_FUNCTION = YES;
				GCC_WARN_UNUSED_VARIABLE = YES;
				IPHONEOS_DEPLOYMENT_TARGET = 10.0;
				MTL_ENABLE_DEBUG_INFO = YES;
				ONLY_ACTIVE_ARCH = YES;
				SDKROOT = iphoneos;
				SWIFT_ACTIVE_COMPILATION_CONDITIONS = DEBUG;
				SWIFT_OPTIMIZATION_LEVEL = "-Onone";
				TARGETED_DEVICE_FAMILY = "1,2";
			};
			name = Debug;
		};
		10028E681DE87706002FED29 /* Release */ = {
			isa = XCBuildConfiguration;
			buildSettings = {
				ALWAYS_SEARCH_USER_PATHS = NO;
				CLANG_ANALYZER_NONNULL = YES;
				CLANG_CXX_LANGUAGE_STANDARD = "gnu++0x";
				CLANG_CXX_LIBRARY = "libc++";
				CLANG_ENABLE_MODULES = YES;
				CLANG_ENABLE_OBJC_ARC = YES;
				CLANG_WARN_BOOL_CONVERSION = YES;
				CLANG_WARN_CONSTANT_CONVERSION = YES;
				CLANG_WARN_DIRECT_OBJC_ISA_USAGE = YES_ERROR;
				CLANG_WARN_DOCUMENTATION_COMMENTS = YES;
				CLANG_WARN_EMPTY_BODY = YES;
				CLANG_WARN_ENUM_CONVERSION = YES;
				CLANG_WARN_INFINITE_RECURSION = YES;
				CLANG_WARN_INT_CONVERSION = YES;
				CLANG_WARN_OBJC_ROOT_CLASS = YES_ERROR;
				CLANG_WARN_SUSPICIOUS_MOVES = YES;
				CLANG_WARN_UNREACHABLE_CODE = YES;
				CLANG_WARN__DUPLICATE_METHOD_MATCH = YES;
				"CODE_SIGN_IDENTITY[sdk=iphoneos*]" = "iPhone Developer";
				COPY_PHASE_STRIP = NO;
				DEBUG_INFORMATION_FORMAT = "dwarf-with-dsym";
				ENABLE_NS_ASSERTIONS = NO;
				ENABLE_STRICT_OBJC_MSGSEND = YES;
				GCC_C_LANGUAGE_STANDARD = gnu99;
				GCC_NO_COMMON_BLOCKS = YES;
				GCC_WARN_64_TO_32_BIT_CONVERSION = YES;
				GCC_WARN_ABOUT_RETURN_TYPE = YES_ERROR;
				GCC_WARN_UNDECLARED_SELECTOR = YES;
				GCC_WARN_UNINITIALIZED_AUTOS = YES_AGGRESSIVE;
				GCC_WARN_UNUSED_FUNCTION = YES;
				GCC_WARN_UNUSED_VARIABLE = YES;
				IPHONEOS_DEPLOYMENT_TARGET = 10.0;
				MTL_ENABLE_DEBUG_INFO = NO;
				SDKROOT = iphoneos;
				SWIFT_OPTIMIZATION_LEVEL = "-Owholemodule";
				TARGETED_DEVICE_FAMILY = "1,2";
				VALIDATE_PRODUCT = YES;
			};
			name = Release;
		};
		10028E6A1DE87706002FED29 /* Debug */ = {
			isa = XCBuildConfiguration;
			buildSettings = {
				ASSETCATALOG_COMPILER_APPICON_NAME = AppIcon;
				DEVELOPMENT_TEAM = PSRYG8H9BF;
				INFOPLIST_FILE = Test_Git/Info.plist;
				LD_RUNPATH_SEARCH_PATHS = "$(inherited) @executable_path/Frameworks";
				PRODUCT_BUNDLE_IDENTIFIER = "VersatileTechnologiesLtd.Test-Git";
				PRODUCT_NAME = "$(TARGET_NAME)";
				SWIFT_VERSION = 3.0;
			};
			name = Debug;
		};
		10028E6B1DE87706002FED29 /* Release */ = {
			isa = XCBuildConfiguration;
			buildSettings = {
				ASSETCATALOG_COMPILER_APPICON_NAME = AppIcon;
				DEVELOPMENT_TEAM = PSRYG8H9BF;
				INFOPLIST_FILE = Test_Git/Info.plist;
				LD_RUNPATH_SEARCH_PATHS = "$(inherited) @executable_path/Frameworks";
				PRODUCT_BUNDLE_IDENTIFIER = "VersatileTechnologiesLtd.Test-Git";
				PRODUCT_NAME = "$(TARGET_NAME)";
				SWIFT_VERSION = 3.0;
			};
			name = Release;
		};
/* End XCBuildConfiguration section */

/* Begin XCConfigurationList section */
		10028E521DE87706002FED29 /* Build configuration list for PBXProject "Test_Git" */ = {
			isa = XCConfigurationList;
			buildConfigurations = (
				10028E671DE87706002FED29 /* Debug */,
				10028E681DE87706002FED29 /* Release */,
			);
			defaultConfigurationIsVisible = 0;
			defaultConfigurationName = Release;
		};
		10028E691DE87706002FED29 /* Build configuration list for PBXNativeTarget "Test_Git" */ = {
			isa = XCConfigurationList;
			buildConfigurations = (
				10028E6A1DE87706002FED29 /* Debug */,
				10028E6B1DE87706002FED29 /* Release */,
			);
			defaultConfigurationIsVisible = 0;
		};
/* End XCConfigurationList section */
	};
	rootObject = 10028E4F1DE87706002FED29 /* Project object */;
}
